
Microsoft Visual Studio Solution File, Format Version 12.00
# Visual Studio Version 17
VisualStudioVersion = 17.9.34622.214
MinimumVisualStudioVersion = 10.0.40219.1
Project("{FAE04EC0-301F-11D3-BF4B-00C04F79EFBC}") = "Sealed-Struct-Nullable-Enum", "Sealed-Struct-Nullable-Enum\Sealed-Struct-Nullable-Enum.csproj", "{09519395-8BBB-4CF2-B486-4F8F60252D10}"
EndProject
Global
	GlobalSection(SolutionConfigurationPlatforms) = preSolution
		Debug|Any CPU = Debug|Any CPU
		Release|Any CPU = Release|Any CPU
	EndGlobalSection
	GlobalSection(ProjectConfigurationPlatforms) = postSolution
		{09519395-8BBB-4CF2-B486-4F8F60252D10}.Debug|Any CPU.ActiveCfg = Debug|Any CPU
		{09519395-8BBB-4CF2-B486-4F8F60252D10}.Debug|Any CPU.Build.0 = Debug|Any CPU
		{09519395-8BBB-4CF2-B486-4F8F60252D10}.Release|Any CPU.ActiveCfg = Release|Any CPU
		{09519395-8BBB-4CF2-B486-4F8F60252D10}.Release|Any CPU.Build.0 = Release|Any CPU
	EndGlobalSection
	GlobalSection(SolutionProperties) = preSolution
		HideSolutionNode = FALSE
	EndGlobalSection
	GlobalSection(ExtensibilityGlobals) = postSolution
		SolutionGuid = {7EF91FBE-D8BB-463B-9D68-A9CD0A40BEBC}
	EndGlobalSection
EndGlobal
